
Microsoft Visual Studio Solution File, Format Version 12.00
# Visual Studio Version 16
VisualStudioVersion = 16.0.29123.88
MinimumVisualStudioVersion = 10.0.40219.1
Project("{FAE04EC0-301F-11D3-BF4B-00C04F79EFBC}") = "LibAoe2AISharp", "LibAoe2AISharp\LibAoe2AISharp.csproj", "{71670EB3-3935-4D32-BB3A-97A1D2E80C63}"
EndProject
Project("{FAE04EC0-301F-11D3-BF4B-00C04F79EFBC}") = "LibAoe2AISharpTests", "LibAoe2AISharpTests\LibAoe2AISharpTests.csproj", "{74FC6397-A2D8-43C5-9659-CA7A89E97182}"
EndProject
Global
	GlobalSection(SolutionConfigurationPlatforms) = preSolution
		Debug|Any CPU = Debug|Any CPU
		Release|Any CPU = Release|Any CPU
	EndGlobalSection
	GlobalSection(ProjectConfigurationPlatforms) = postSolution
		{71670EB3-3935-4D32-BB3A-97A1D2E80C63}.Debug|Any CPU.ActiveCfg = Debug|Any CPU
		{71670EB3-3935-4D32-BB3A-97A1D2E80C63}.Debug|Any CPU.Build.0 = Debug|Any CPU
		{71670EB3-3935-4D32-BB3A-97A1D2E80C63}.Release|Any CPU.ActiveCfg = Release|Any CPU
		{71670EB3-3935-4D32-BB3A-97A1D2E80C63}.Release|Any CPU.Build.0 = Release|Any CPU
		{74FC6397-A2D8-43C5-9659-CA7A89E97182}.Debug|Any CPU.ActiveCfg = Debug|Any CPU
		{74FC6397-A2D8-43C5-9659-CA7A89E97182}.Debug|Any CPU.Build.0 = Debug|Any CPU
		{74FC6397-A2D8-43C5-9659-CA7A89E97182}.Release|Any CPU.ActiveCfg = Release|Any CPU
		{74FC6397-A2D8-43C5-9659-CA7A89E97182}.Release|Any CPU.Build.0 = Release|Any CPU
	EndGlobalSection
	GlobalSection(SolutionProperties) = preSolution
		HideSolutionNode = FALSE
	EndGlobalSection
	GlobalSection(ExtensibilityGlobals) = postSolution
		SolutionGuid = {408354B6-2C8D-4D49-BF78-1DF4F9DEC6E3}
	EndGlobalSection
EndGlobal
